
Microsoft Visual Studio Solution File, Format Version 12.00
# Visual Studio 2012
Project("{E24C65DC-7377-472B-9ABA-BC803B73C61A}") = "weave", "http://localhost:2370", "{C71ABEF8-7F59-41CE-8C96-E54870E5EABB}"
	ProjectSection(WebsiteProperties) = preProject
		UseIISExpress = "true"
		TargetFrameworkMoniker = ".NETFramework,Version%3Dv4.0"
		Debug.AspNetCompiler.VirtualPath = "/localhost_2370"
		Debug.AspNetCompiler.PhysicalPath = "..\weave2\"
		Debug.AspNetCompiler.TargetPath = "PrecompiledWeb\localhost_2370\"
		Debug.AspNetCompiler.Updateable = "true"
		Debug.AspNetCompiler.ForceOverwrite = "true"
		Debug.AspNetCompiler.FixedNames = "false"
		Debug.AspNetCompiler.Debug = "True"
		Release.AspNetCompiler.VirtualPath = "/localhost_2370"
		Release.AspNetCompiler.PhysicalPath = "..\weave2\"
		Release.AspNetCompiler.TargetPath = "PrecompiledWeb\localhost_2370\"
		Release.AspNetCompiler.Updateable = "true"
		Release.AspNetCompiler.ForceOverwrite = "true"
		Release.AspNetCompiler.FixedNames = "false"
		Release.AspNetCompiler.Debug = "False"
		SlnRelativePath = "..\weave2\"
	EndProjectSection
EndProject
Global
	GlobalSection(SolutionConfigurationPlatforms) = preSolution
		Debug|Any CPU = Debug|Any CPU
	EndGlobalSection
	GlobalSection(ProjectConfigurationPlatforms) = postSolution
		{C71ABEF8-7F59-41CE-8C96-E54870E5EABB}.Debug|Any CPU.ActiveCfg = Debug|Any CPU
		{C71ABEF8-7F59-41CE-8C96-E54870E5EABB}.Debug|Any CPU.Build.0 = Debug|Any CPU
	EndGlobalSection
	GlobalSection(SolutionProperties) = preSolution
		HideSolutionNode = FALSE
	EndGlobalSection
EndGlobal
